
Microsoft Visual Studio Solution File, Format Version 12.00
# Visual Studio 2012
Project("{FAE04EC0-301F-11D3-BF4B-00C04F79EFBC}") = "HyperlocalNews", "HyperlocalNews\HyperlocalNews.csproj", "{F9EE1AB9-685F-4509-BCA1-709168C338BC}"
EndProject
Project("{FAE04EC0-301F-11D3-BF4B-00C04F79EFBC}") = "HyperlocalNews.iOS", "iOS\HyperlocalNews.iOS.csproj", "{79F24365-35A8-44F4-AFD5-01B45422CF90}"
EndProject
Project("{FAE04EC0-301F-11D3-BF4B-00C04F79EFBC}") = "HyperlocalNews.Droid", "Droid\HyperlocalNews.Droid.csproj", "{42957D57-BE9D-457F-B570-9C62A1EC54E5}"
EndProject
Global
	GlobalSection(SolutionConfigurationPlatforms) = preSolution
		Debug|Any CPU = Debug|Any CPU
		Release|Any CPU = Release|Any CPU
		Debug|iPhoneSimulator = Debug|iPhoneSimulator
		Release|iPhoneSimulator = Release|iPhoneSimulator
		Debug|iPhone = Debug|iPhone
		Release|iPhone = Release|iPhone
		Ad-Hoc|iPhone = Ad-Hoc|iPhone
		AppStore|iPhone = AppStore|iPhone
	EndGlobalSection
	GlobalSection(ProjectConfigurationPlatforms) = postSolution
		{42957D57-BE9D-457F-B570-9C62A1EC54E5}.Ad-Hoc|iPhone.ActiveCfg = Release|Any CPU
		{42957D57-BE9D-457F-B570-9C62A1EC54E5}.Ad-Hoc|iPhone.Build.0 = Release|Any CPU
		{42957D57-BE9D-457F-B570-9C62A1EC54E5}.AppStore|iPhone.ActiveCfg = Release|Any CPU
		{42957D57-BE9D-457F-B570-9C62A1EC54E5}.AppStore|iPhone.Build.0 = Release|Any CPU
		{42957D57-BE9D-457F-B570-9C62A1EC54E5}.Debug|Any CPU.ActiveCfg = Debug|Any CPU
		{42957D57-BE9D-457F-B570-9C62A1EC54E5}.Debug|Any CPU.Build.0 = Debug|Any CPU
		{42957D57-BE9D-457F-B570-9C62A1EC54E5}.Debug|iPhone.ActiveCfg = Debug|Any CPU
		{42957D57-BE9D-457F-B570-9C62A1EC54E5}.Debug|iPhone.Build.0 = Debug|Any CPU
		{42957D57-BE9D-457F-B570-9C62A1EC54E5}.Debug|iPhoneSimulator.ActiveCfg = Debug|Any CPU
		{42957D57-BE9D-457F-B570-9C62A1EC54E5}.Debug|iPhoneSimulator.Build.0 = Debug|Any CPU
		{42957D57-BE9D-457F-B570-9C62A1EC54E5}.Release|Any CPU.ActiveCfg = Release|Any CPU
		{42957D57-BE9D-457F-B570-9C62A1EC54E5}.Release|Any CPU.Build.0 = Release|Any CPU
		{42957D57-BE9D-457F-B570-9C62A1EC54E5}.Release|iPhone.ActiveCfg = Release|Any CPU
		{42957D57-BE9D-457F-B570-9C62A1EC54E5}.Release|iPhone.Build.0 = Release|Any CPU
		{42957D57-BE9D-457F-B570-9C62A1EC54E5}.Release|iPhoneSimulator.ActiveCfg = Release|Any CPU
		{42957D57-BE9D-457F-B570-9C62A1EC54E5}.Release|iPhoneSimulator.Build.0 = Release|Any CPU
		{79F24365-35A8-44F4-AFD5-01B45422CF90}.Ad-Hoc|iPhone.ActiveCfg = Ad-Hoc|iPhone
		{79F24365-35A8-44F4-AFD5-01B45422CF90}.Ad-Hoc|iPhone.Build.0 = Ad-Hoc|iPhone
		{79F24365-35A8-44F4-AFD5-01B45422CF90}.AppStore|iPhone.ActiveCfg = AppStore|iPhone
		{79F24365-35A8-44F4-AFD5-01B45422CF90}.AppStore|iPhone.Build.0 = AppStore|iPhone
		{79F24365-35A8-44F4-AFD5-01B45422CF90}.Debug|Any CPU.ActiveCfg = Debug|iPhone
		{79F24365-35A8-44F4-AFD5-01B45422CF90}.Debug|Any CPU.Build.0 = Debug|iPhone
		{79F24365-35A8-44F4-AFD5-01B45422CF90}.Debug|iPhone.ActiveCfg = Debug|iPhone
		{79F24365-35A8-44F4-AFD5-01B45422CF90}.Debug|iPhone.Build.0 = Debug|iPhone
		{79F24365-35A8-44F4-AFD5-01B45422CF90}.Debug|iPhoneSimulator.ActiveCfg = Debug|iPhoneSimulator
		{79F24365-35A8-44F4-AFD5-01B45422CF90}.Debug|iPhoneSimulator.Build.0 = Debug|iPhoneSimulator
		{79F24365-35A8-44F4-AFD5-01B45422CF90}.Release|Any CPU.ActiveCfg = Release|iPhoneSimulator
		{79F24365-35A8-44F4-AFD5-01B45422CF90}.Release|Any CPU.Build.0 = Release|iPhoneSimulator
		{79F24365-35A8-44F4-AFD5-01B45422CF90}.Release|iPhone.ActiveCfg = Release|iPhone
		{79F24365-35A8-44F4-AFD5-01B45422CF90}.Release|iPhone.Build.0 = Release|iPhone
		{79F24365-35A8-44F4-AFD5-01B45422CF90}.Release|iPhoneSimulator.ActiveCfg = Release|iPhoneSimulator
		{79F24365-35A8-44F4-AFD5-01B45422CF90}.Release|iPhoneSimulator.Build.0 = Release|iPhoneSimulator
		{F9EE1AB9-685F-4509-BCA1-709168C338BC}.Ad-Hoc|iPhone.ActiveCfg = Debug|Any CPU
		{F9EE1AB9-685F-4509-BCA1-709168C338BC}.Ad-Hoc|iPhone.Build.0 = Debug|Any CPU
		{F9EE1AB9-685F-4509-BCA1-709168C338BC}.AppStore|iPhone.ActiveCfg = Debug|Any CPU
		{F9EE1AB9-685F-4509-BCA1-709168C338BC}.AppStore|iPhone.Build.0 = Debug|Any CPU
		{F9EE1AB9-685F-4509-BCA1-709168C338BC}.Debug|Any CPU.ActiveCfg = Debug|Any CPU
		{F9EE1AB9-685F-4509-BCA1-709168C338BC}.Debug|Any CPU.Build.0 = Debug|Any CPU
		{F9EE1AB9-685F-4509-BCA1-709168C338BC}.Debug|iPhone.ActiveCfg = Debug|Any CPU
		{F9EE1AB9-685F-4509-BCA1-709168C338BC}.Debug|iPhone.Build.0 = Debug|Any CPU
		{F9EE1AB9-685F-4509-BCA1-709168C338BC}.Debug|iPhoneSimulator.ActiveCfg = Debug|Any CPU
		{F9EE1AB9-685F-4509-BCA1-709168C338BC}.Debug|iPhoneSimulator.Build.0 = Debug|Any CPU
		{F9EE1AB9-685F-4509-BCA1-709168C338BC}.Release|Any CPU.ActiveCfg = Release|Any CPU
		{F9EE1AB9-685F-4509-BCA1-709168C338BC}.Release|Any CPU.Build.0 = Release|Any CPU
		{F9EE1AB9-685F-4509-BCA1-709168C338BC}.Release|iPhone.ActiveCfg = Release|Any CPU
		{F9EE1AB9-685F-4509-BCA1-709168C338BC}.Release|iPhone.Build.0 = Release|Any CPU
		{F9EE1AB9-685F-4509-BCA1-709168C338BC}.Release|iPhoneSimulator.ActiveCfg = Release|Any CPU
		{F9EE1AB9-685F-4509-BCA1-709168C338BC}.Release|iPhoneSimulator.Build.0 = Release|Any CPU
	EndGlobalSection
EndGlobal
